// !$*UTF8*$!
{
	archiveVersion = 1;
	classes = {
	};
	objectVersion = 56;
	objects = {

/* Begin PBXBuildFile section */
		8F3D3C202A0C10130071881C /* AppDelegate.swift in Sources */ = {isa = PBXBuildFile; fileRef = 8F3D3C1F2A0C10130071881C /* AppDelegate.swift */; };
		8F3D3C222A0C10130071881C /* SceneDelegate.swift in Sources */ = {isa = PBXBuildFile; fileRef = 8F3D3C212A0C10130071881C /* SceneDelegate.swift */; };
		8F3D3C292A0C10140071881C /* Assets.xcassets in Resources */ = {isa = PBXBuildFile; fileRef = 8F3D3C282A0C10140071881C /* Assets.xcassets */; };
		8F3D3C2C2A0C10140071881C /* LaunchScreen.storyboard in Resources */ = {isa = PBXBuildFile; fileRef = 8F3D3C2A2A0C10140071881C /* LaunchScreen.storyboard */; };
		8F3D3C352A1158620071881C /* Coordinator.swift in Sources */ = {isa = PBXBuildFile; fileRef = 8F3D3C342A1158620071881C /* Coordinator.swift */; };
		8F3D3C382A115A100071881C /* GalleryCoordinator.swift in Sources */ = {isa = PBXBuildFile; fileRef = 8F3D3C372A115A100071881C /* GalleryCoordinator.swift */; };
		8F3D3C3B2A1549A50071881C /* GalleryViewController.swift in Sources */ = {isa = PBXBuildFile; fileRef = 8F3D3C3A2A1549A50071881C /* GalleryViewController.swift */; };
		8F3D3C3D2A1549CF0071881C /* GalleryViewModel.swift in Sources */ = {isa = PBXBuildFile; fileRef = 8F3D3C3C2A1549CF0071881C /* GalleryViewModel.swift */; };
		8F3D3C3F2A1549FF0071881C /* GalleryModel.swift in Sources */ = {isa = PBXBuildFile; fileRef = 8F3D3C3E2A1549FF0071881C /* GalleryModel.swift */; };
		8F3D3C412A154DA80071881C /* GalleryService.swift in Sources */ = {isa = PBXBuildFile; fileRef = 8F3D3C402A154DA80071881C /* GalleryService.swift */; };
/* End PBXBuildFile section */

/* Begin PBXFileReference section */
		8F3D3C1C2A0C10130071881C /* WallpaperGallery.app */ = {isa = PBXFileReference; explicitFileType = wrapper.application; includeInIndex = 0; path = WallpaperGallery.app; sourceTree = BUILT_PRODUCTS_DIR; };
		8F3D3C1F2A0C10130071881C /* AppDelegate.swift */ = {isa = PBXFileReference; lastKnownFileType = sourcecode.swift; path = AppDelegate.swift; sourceTree = "<group>"; };
		8F3D3C212A0C10130071881C /* SceneDelegate.swift */ = {isa = PBXFileReference; lastKnownFileType = sourcecode.swift; path = SceneDelegate.swift; sourceTree = "<group>"; };
		8F3D3C282A0C10140071881C /* Assets.xcassets */ = {isa = PBXFileReference; lastKnownFileType = folder.assetcatalog; path = Assets.xcassets; sourceTree = "<group>"; };
		8F3D3C2B2A0C10140071881C /* Base */ = {isa = PBXFileReference; lastKnownFileType = file.storyboard; name = Base; path = Base.lproj/LaunchScreen.storyboard; sourceTree = "<group>"; };
		8F3D3C2D2A0C10140071881C /* Info.plist */ = {isa = PBXFileReference; lastKnownFileType = text.plist.xml; path = Info.plist; sourceTree = "<group>"; };
		8F3D3C342A1158620071881C /* Coordinator.swift */ = {isa = PBXFileReference; lastKnownFileType = sourcecode.swift; path = Coordinator.swift; sourceTree = "<group>"; };
		8F3D3C372A115A100071881C /* GalleryCoordinator.swift */ = {isa = PBXFileReference; lastKnownFileType = sourcecode.swift; path = GalleryCoordinator.swift; sourceTree = "<group>"; };
		8F3D3C3A2A1549A50071881C /* GalleryViewController.swift */ = {isa = PBXFileReference; lastKnownFileType = sourcecode.swift; path = GalleryViewController.swift; sourceTree = "<group>"; };
		8F3D3C3C2A1549CF0071881C /* GalleryViewModel.swift */ = {isa = PBXFileReference; lastKnownFileType = sourcecode.swift; path = GalleryViewModel.swift; sourceTree = "<group>"; };
		8F3D3C3E2A1549FF0071881C /* GalleryModel.swift */ = {isa = PBXFileReference; lastKnownFileType = sourcecode.swift; path = GalleryModel.swift; sourceTree = "<group>"; };
		8F3D3C402A154DA80071881C /* GalleryService.swift */ = {isa = PBXFileReference; lastKnownFileType = sourcecode.swift; path = GalleryService.swift; sourceTree = "<group>"; };
/* End PBXFileReference section */

/* Begin PBXFrameworksBuildPhase section */
		8F3D3C192A0C10130071881C /* Frameworks */ = {
			isa = PBXFrameworksBuildPhase;
			buildActionMask = 2147483647;
			files = (
			);
			runOnlyForDeploymentPostprocessing = 0;
		};
/* End PBXFrameworksBuildPhase section */

/* Begin PBXGroup section */
		8F3D3C132A0C10130071881C = {
			isa = PBXGroup;
			children = (
				8F3D3C1E2A0C10130071881C /* WallpaperGallery */,
				8F3D3C1D2A0C10130071881C /* Products */,
			);
			sourceTree = "<group>";
		};
		8F3D3C1D2A0C10130071881C /* Products */ = {
			isa = PBXGroup;
			children = (
				8F3D3C1C2A0C10130071881C /* WallpaperGallery.app */,
			);
			name = Products;
			sourceTree = "<group>";
		};
		8F3D3C1E2A0C10130071881C /* WallpaperGallery */ = {
			isa = PBXGroup;
			children = (
				8F3D3C362A1159DA0071881C /* gallery */,
				8F3D3C332A11583A0071881C /* protocols */,
				8F3D3C1F2A0C10130071881C /* AppDelegate.swift */,
				8F3D3C212A0C10130071881C /* SceneDelegate.swift */,
				8F3D3C282A0C10140071881C /* Assets.xcassets */,
				8F3D3C2A2A0C10140071881C /* LaunchScreen.storyboard */,
				8F3D3C2D2A0C10140071881C /* Info.plist */,
			);
			path = WallpaperGallery;
			sourceTree = "<group>";
		};
		8F3D3C332A11583A0071881C /* protocols */ = {
			isa = PBXGroup;
			children = (
				8F3D3C342A1158620071881C /* Coordinator.swift */,
			);
			path = protocols;
			sourceTree = "<group>";
		};
		8F3D3C362A1159DA0071881C /* gallery */ = {
			isa = PBXGroup;
			children = (
				8F3D3C372A115A100071881C /* GalleryCoordinator.swift */,
				8F3D3C3A2A1549A50071881C /* GalleryViewController.swift */,
				8F3D3C3C2A1549CF0071881C /* GalleryViewModel.swift */,
				8F3D3C3E2A1549FF0071881C /* GalleryModel.swift */,
				8F3D3C402A154DA80071881C /* GalleryService.swift */,
			);
			path = gallery;
			sourceTree = "<group>";
		};
/* End PBXGroup section */

/* Begin PBXNativeTarget section */
		8F3D3C1B2A0C10130071881C /* WallpaperGallery */ = {
			isa = PBXNativeTarget;
			buildConfigurationList = 8F3D3C302A0C10140071881C /* Build configuration list for PBXNativeTarget "WallpaperGallery" */;
			buildPhases = (
				8F3D3C182A0C10130071881C /* Sources */,
				8F3D3C192A0C10130071881C /* Frameworks */,
				8F3D3C1A2A0C10130071881C /* Resources */,
			);
			buildRules = (
			);
			dependencies = (
			);
			name = WallpaperGallery;
			productName = WallpaperGallery;
			productReference = 8F3D3C1C2A0C10130071881C /* WallpaperGallery.app */;
			productType = "com.apple.product-type.application";
		};
/* End PBXNativeTarget section */

/* Begin PBXProject section */
		8F3D3C142A0C10130071881C /* Project object */ = {
			isa = PBXProject;
			attributes = {
				BuildIndependentTargetsInParallel = 1;
				LastSwiftUpdateCheck = 1430;
				LastUpgradeCheck = 1430;
				TargetAttributes = {
					8F3D3C1B2A0C10130071881C = {
						CreatedOnToolsVersion = 14.3;
					};
				};
			};
			buildConfigurationList = 8F3D3C172A0C10130071881C /* Build configuration list for PBXProject "WallpaperGallery" */;
			compatibilityVersion = "Xcode 14.0";
			developmentRegion = en;
			hasScannedForEncodings = 0;
			knownRegions = (
				en,
				Base,
			);
			mainGroup = 8F3D3C132A0C10130071881C;
			productRefGroup = 8F3D3C1D2A0C10130071881C /* Products */;
			projectDirPath = "";
			projectRoot = "";
			targets = (
				8F3D3C1B2A0C10130071881C /* WallpaperGallery */,
			);
		};
/* End PBXProject section */

/* Begin PBXResourcesBuildPhase section */
		8F3D3C1A2A0C10130071881C /* Resources */ = {
			isa = PBXResourcesBuildPhase;
			buildActionMask = 2147483647;
			files = (
				8F3D3C2C2A0C10140071881C /* LaunchScreen.storyboard in Resources */,
				8F3D3C292A0C10140071881C /* Assets.xcassets in Resources */,
			);
			runOnlyForDeploymentPostprocessing = 0;
		};
/* End PBXResourcesBuildPhase section */

/* Begin PBXSourcesBuildPhase section */
		8F3D3C182A0C10130071881C /* Sources */ = {
			isa = PBXSourcesBuildPhase;
			buildActionMask = 2147483647;
			files = (
				8F3D3C382A115A100071881C /* GalleryCoordinator.swift in Sources */,
				8F3D3C3D2A1549CF0071881C /* GalleryViewModel.swift in Sources */,
				8F3D3C352A1158620071881C /* Coordinator.swift in Sources */,
				8F3D3C3B2A1549A50071881C /* GalleryViewController.swift in Sources */,
				8F3D3C202A0C10130071881C /* AppDelegate.swift in Sources */,
				8F3D3C3F2A1549FF0071881C /* GalleryModel.swift in Sources */,
				8F3D3C412A154DA80071881C /* GalleryService.swift in Sources */,
				8F3D3C222A0C10130071881C /* SceneDelegate.swift in Sources */,
			);
			runOnlyForDeploymentPostprocessing = 0;
		};
/* End PBXSourcesBuildPhase section */

/* Begin PBXVariantGroup section */
		8F3D3C2A2A0C10140071881C /* LaunchScreen.storyboard */ = {
			isa = PBXVariantGroup;
			children = (
				8F3D3C2B2A0C10140071881C /* Base */,
			);
			name = LaunchScreen.storyboard;
			sourceTree = "<group>";
		};
/* End PBXVariantGroup section */

/* Begin XCBuildConfiguration section */
		8F3D3C2E2A0C10140071881C /* Debug */ = {
			isa = XCBuildConfiguration;
			buildSettings = {
				ALWAYS_SEARCH_USER_PATHS = NO;
				CLANG_ANALYZER_NONNULL = YES;
				CLANG_ANALYZER_NUMBER_OBJECT_CONVERSION = YES_AGGRESSIVE;
				CLANG_CXX_LANGUAGE_STANDARD = "gnu++20";
				CLANG_ENABLE_MODULES = YES;
				CLANG_ENABLE_OBJC_ARC = YES;
				CLANG_ENABLE_OBJC_WEAK = YES;
				CLANG_WARN_BLOCK_CAPTURE_AUTORELEASING = YES;
				CLANG_WARN_BOOL_CONVERSION = YES;
				CLANG_WARN_COMMA = YES;
				CLANG_WARN_CONSTANT_CONVERSION = YES;
				CLANG_WARN_DEPRECATED_OBJC_IMPLEMENTATIONS = YES;
				CLANG_WARN_DIRECT_OBJC_ISA_USAGE = YES_ERROR;
				CLANG_WARN_DOCUMENTATION_COMMENTS = YES;
				CLANG_WARN_EMPTY_BODY = YES;
				CLANG_WARN_ENUM_CONVERSION = YES;
				CLANG_WARN_INFINITE_RECURSION = YES;
				CLANG_WARN_INT_CONVERSION = YES;
				CLANG_WARN_NON_LITERAL_NULL_CONVERSION = YES;
				CLANG_WARN_OBJC_IMPLICIT_RETAIN_SELF = YES;
				CLANG_WARN_OBJC_LITERAL_CONVERSION = YES;
				CLANG_WARN_OBJC_ROOT_CLASS = YES_ERROR;
				CLANG_WARN_QUOTED_INCLUDE_IN_FRAMEWORK_HEADER = YES;
				CLANG_WARN_RANGE_LOOP_ANALYSIS = YES;
				CLANG_WARN_STRICT_PROTOTYPES = YES;
				CLANG_WARN_SUSPICIOUS_MOVE = YES;
				CLANG_WARN_UNGUARDED_AVAILABILITY = YES_AGGRESSIVE;
				CLANG_WARN_UNREACHABLE_CODE = YES;
				CLANG_WARN__DUPLICATE_METHOD_MATCH = YES;
				COPY_PHASE_STRIP = NO;
				DEBUG_INFORMATION_FORMAT = dwarf;
				ENABLE_STRICT_OBJC_MSGSEND = YES;
				ENABLE_TESTABILITY = YES;
				GCC_C_LANGUAGE_STANDARD = gnu11;
				GCC_DYNAMIC_NO_PIC = NO;
				GCC_NO_COMMON_BLOCKS = YES;
				GCC_OPTIMIZATION_LEVEL = 0;
				GCC_PREPROCESSOR_DEFINITIONS = (
					"DEBUG=1",
					"$(inherited)",
				);
				GCC_WARN_64_TO_32_BIT_CONVERSION = YES;
				GCC_WARN_ABOUT_RETURN_TYPE = YES_ERROR;
				GCC_WARN_UNDECLARED_SELECTOR = YES;
				GCC_WARN_UNINITIALIZED_AUTOS = YES_AGGRESSIVE;
				GCC_WARN_UNUSED_FUNCTION = YES;
				GCC_WARN_UNUSED_VARIABLE = YES;
				IPHONEOS_DEPLOYMENT_TARGET = 16.4;
				MTL_ENABLE_DEBUG_INFO = INCLUDE_SOURCE;
				MTL_FAST_MATH = YES;
				ONLY_ACTIVE_ARCH = YES;
				SDKROOT = iphoneos;
				SWIFT_ACTIVE_COMPILATION_CONDITIONS = DEBUG;
				SWIFT_OPTIMIZATION_LEVEL = "-Onone";
			};
			name = Debug;
		};
		8F3D3C2F2A0C10140071881C /* Release */ = {
			isa = XCBuildConfiguration;
			buildSettings = {
				ALWAYS_SEARCH_USER_PATHS = NO;
				CLANG_ANALYZER_NONNULL = YES;
				CLANG_ANALYZER_NUMBER_OBJECT_CONVERSION = YES_AGGRESSIVE;
				CLANG_CXX_LANGUAGE_STANDARD = "gnu++20";
				CLANG_ENABLE_MODULES = YES;
				CLANG_ENABLE_OBJC_ARC = YES;
				CLANG_ENABLE_OBJC_WEAK = YES;
				CLANG_WARN_BLOCK_CAPTURE_AUTORELEASING = YES;
				CLANG_WARN_BOOL_CONVERSION = YES;
				CLANG_WARN_COMMA = YES;
				CLANG_WARN_CONSTANT_CONVERSION = YES;
				CLANG_WARN_DEPRECATED_OBJC_IMPLEMENTATIONS = YES;
				CLANG_WARN_DIRECT_OBJC_ISA_USAGE = YES_ERROR;
				CLANG_WARN_DOCUMENTATION_COMMENTS = YES;
				CLANG_WARN_EMPTY_BODY = YES;
				CLANG_WARN_ENUM_CONVERSION = YES;
				CLANG_WARN_INFINITE_RECURSION = YES;
				CLANG_WARN_INT_CONVERSION = YES;
				CLANG_WARN_NON_LITERAL_NULL_CONVERSION = YES;
				CLANG_WARN_OBJC_IMPLICIT_RETAIN_SELF = YES;
				CLANG_WARN_OBJC_LITERAL_CONVERSION = YES;
				CLANG_WARN_OBJC_ROOT_CLASS = YES_ERROR;
				CLANG_WARN_QUOTED_INCLUDE_IN_FRAMEWORK_HEADER = YES;
				CLANG_WARN_RANGE_LOOP_ANALYSIS = YES;
				CLANG_WARN_STRICT_PROTOTYPES = YES;
				CLANG_WARN_SUSPICIOUS_MOVE = YES;
				CLANG_WARN_UNGUARDED_AVAILABILITY = YES_AGGRESSIVE;
				CLANG_WARN_UNREACHABLE_CODE = YES;
				CLANG_WARN__DUPLICATE_METHOD_MATCH = YES;
				COPY_PHASE_STRIP = NO;
				DEBUG_INFORMATION_FORMAT = "dwarf-with-dsym";
				ENABLE_NS_ASSERTIONS = NO;
				ENABLE_STRICT_OBJC_MSGSEND = YES;
				GCC_C_LANGUAGE_STANDARD = gnu11;
				GCC_NO_COMMON_BLOCKS = YES;
				GCC_WARN_64_TO_32_BIT_CONVERSION = YES;
				GCC_WARN_ABOUT_RETURN_TYPE = YES_ERROR;
				GCC_WARN_UNDECLARED_SELECTOR = YES;
				GCC_WARN_UNINITIALIZED_AUTOS = YES_AGGRESSIVE;
				GCC_WARN_UNUSED_FUNCTION = YES;
				GCC_WARN_UNUSED_VARIABLE = YES;
				IPHONEOS_DEPLOYMENT_TARGET = 16.4;
				MTL_ENABLE_DEBUG_INFO = NO;
				MTL_FAST_MATH = YES;
				SDKROOT = iphoneos;
				SWIFT_COMPILATION_MODE = wholemodule;
				SWIFT_OPTIMIZATION_LEVEL = "-O";
				VALIDATE_PRODUCT = YES;
			};
			name = Release;
		};
		8F3D3C312A0C10140071881C /* Debug */ = {
			isa = XCBuildConfiguration;
			buildSettings = {
				ASSETCATALOG_COMPILER_APPICON_NAME = AppIcon;
				ASSETCATALOG_COMPILER_GLOBAL_ACCENT_COLOR_NAME = AccentColor;
				CODE_SIGN_STYLE = Automatic;
				CURRENT_PROJECT_VERSION = 1;
				GENERATE_INFOPLIST_FILE = YES;
				INFOPLIST_FILE = WallpaperGallery/Info.plist;
				INFOPLIST_KEY_CFBundleDisplayName = "Wallpaper Gallery";
				INFOPLIST_KEY_LSApplicationCategoryType = "public.app-category.photography";
				INFOPLIST_KEY_UIApplicationSupportsIndirectInputEvents = YES;
				INFOPLIST_KEY_UILaunchStoryboardName = LaunchScreen;
				INFOPLIST_KEY_UISupportedInterfaceOrientations_iPad = "UIInterfaceOrientationPortrait UIInterfaceOrientationPortraitUpsideDown UIInterfaceOrientationLandscapeLeft UIInterfaceOrientationLandscapeRight";
				INFOPLIST_KEY_UISupportedInterfaceOrientations_iPhone = "UIInterfaceOrientationPortrait UIInterfaceOrientationLandscapeLeft UIInterfaceOrientationLandscapeRight";
				IPHONEOS_DEPLOYMENT_TARGET = 15.0;
				LD_RUNPATH_SEARCH_PATHS = (
					"$(inherited)",
					"@executable_path/Frameworks",
				);
				MARKETING_VERSION = 1.0;
				PRODUCT_BUNDLE_IDENTIFIER = carol.WallpaperGallery;
				PRODUCT_NAME = "$(TARGET_NAME)";
				SWIFT_EMIT_LOC_STRINGS = YES;
				SWIFT_VERSION = 5.0;
				TARGETED_DEVICE_FAMILY = "1,2";
			};
			name = Debug;
		};
		8F3D3C322A0C10140071881C /* Release */ = {
			isa = XCBuildConfiguration;
			buildSettings = {
				ASSETCATALOG_COMPILER_APPICON_NAME = AppIcon;
				ASSETCATALOG_COMPILER_GLOBAL_ACCENT_COLOR_NAME = AccentColor;
				CODE_SIGN_STYLE = Automatic;
				CURRENT_PROJECT_VERSION = 1;
				GENERATE_INFOPLIST_FILE = YES;
				INFOPLIST_FILE = WallpaperGallery/Info.plist;
				INFOPLIST_KEY_CFBundleDisplayName = "Wallpaper Gallery";
				INFOPLIST_KEY_LSApplicationCategoryType = "public.app-category.photography";
				INFOPLIST_KEY_UIApplicationSupportsIndirectInputEvents = YES;
				INFOPLIST_KEY_UILaunchStoryboardName = LaunchScreen;
				INFOPLIST_KEY_UISupportedInterfaceOrientations_iPad = "UIInterfaceOrientationPortrait UIInterfaceOrientationPortraitUpsideDown UIInterfaceOrientationLandscapeLeft UIInterfaceOrientationLandscapeRight";
				INFOPLIST_KEY_UISupportedInterfaceOrientations_iPhone = "UIInterfaceOrientationPortrait UIInterfaceOrientationLandscapeLeft UIInterfaceOrientationLandscapeRight";
				IPHONEOS_DEPLOYMENT_TARGET = 15.0;
				LD_RUNPATH_SEARCH_PATHS = (
					"$(inherited)",
					"@executable_path/Frameworks",
				);
				MARKETING_VERSION = 1.0;
				PRODUCT_BUNDLE_IDENTIFIER = carol.WallpaperGallery;
				PRODUCT_NAME = "$(TARGET_NAME)";
				SWIFT_EMIT_LOC_STRINGS = YES;
				SWIFT_VERSION = 5.0;
				TARGETED_DEVICE_FAMILY = "1,2";
			};
			name = Release;
		};
/* End XCBuildConfiguration section */

/* Begin XCConfigurationList section */
		8F3D3C172A0C10130071881C /* Build configuration list for PBXProject "WallpaperGallery" */ = {
			isa = XCConfigurationList;
			buildConfigurations = (
				8F3D3C2E2A0C10140071881C /* Debug */,
				8F3D3C2F2A0C10140071881C /* Release */,
			);
			defaultConfigurationIsVisible = 0;
			defaultConfigurationName = Release;
		};
		8F3D3C302A0C10140071881C /* Build configuration list for PBXNativeTarget "WallpaperGallery" */ = {
			isa = XCConfigurationList;
			buildConfigurations = (
				8F3D3C312A0C10140071881C /* Debug */,
				8F3D3C322A0C10140071881C /* Release */,
			);
			defaultConfigurationIsVisible = 0;
			defaultConfigurationName = Release;
		};
/* End XCConfigurationList section */
	};
	rootObject = 8F3D3C142A0C10130071881C /* Project object */;
}
